
Microsoft Visual Studio Solution File, Format Version 12.00
Project("{2150E333-8FDC-42A3-9474-1A3956D46DE8}") = "src", "src", "{9482EA9A-0191-404B-9B35-8B9D15D0F5E4}"
EndProject
Project("{2150E333-8FDC-42A3-9474-1A3956D46DE8}") = "common", "common", "{F3565B39-CE4A-4E1A-A074-69C74972080F}"
	ProjectSection(SolutionItems) = preProject
		Directory.Build.props = Directory.Build.props
		.gitignore = .gitignore
		.editorconfig = .editorconfig
		Directory.Packages.props = Directory.Packages.props
		nuget.config = nuget.config
	EndProjectSection
EndProject
Project("{2150E333-8FDC-42A3-9474-1A3956D46DE8}") = "Application", "Application", "{38BFC385-8F96-41A8-B131-7613C35F57D4}"
EndProject
Project("{2150E333-8FDC-42A3-9474-1A3956D46DE8}") = "Infrastructure", "Infrastructure", "{AA2858F9-2EA3-4D40-9ADB-107F7768879C}"
EndProject
Project("{2150E333-8FDC-42A3-9474-1A3956D46DE8}") = "Presentation", "Presentation", "{EB4453A8-8973-4B0B-8883-38C1D1FBF3BD}"
EndProject
Project("{FAE04EC0-301F-11D3-BF4B-00C04F79EFBC}") = "Itmo.Dev.Asap.Github.Application.Contracts", "src\Application\Itmo.Dev.Asap.Github.Application.Contracts\Itmo.Dev.Asap.Github.Application.Contracts.csproj", "{2A81A201-0ED3-4BBA-BC9B-571D1DEFC3B0}"
EndProject
Project("{FAE04EC0-301F-11D3-BF4B-00C04F79EFBC}") = "Itmo.Dev.Asap.Github.Application", "src\Application\Itmo.Dev.Asap.Github.Application\Itmo.Dev.Asap.Github.Application.csproj", "{BC458019-8904-4027-9DDD-F2C97D4456BF}"
EndProject
Project("{FAE04EC0-301F-11D3-BF4B-00C04F79EFBC}") = "Itmo.Dev.Asap.Github.Octokit", "src\Infrastructure\Itmo.Dev.Asap.Github.Octokit\Itmo.Dev.Asap.Github.Octokit.csproj", "{1C95D2D5-973C-4E9E-B0FC-245CA2D9BCBC}"
EndProject
Project("{FAE04EC0-301F-11D3-BF4B-00C04F79EFBC}") = "Itmo.Dev.Asap.Github.Caching", "src\Infrastructure\Itmo.Dev.Asap.Github.Caching\Itmo.Dev.Asap.Github.Caching.csproj", "{4FBE936B-C31D-4AB1-A9BD-52DDF3632B04}"
EndProject
Project("{FAE04EC0-301F-11D3-BF4B-00C04F79EFBC}") = "Itmo.Dev.Asap.Github.DataAccess", "src\Infrastructure\Itmo.Dev.Asap.Github.DataAccess\Itmo.Dev.Asap.Github.DataAccess.csproj", "{B5DCDDCA-289A-4E87-A13A-543A28D8F159}"
EndProject
Project("{FAE04EC0-301F-11D3-BF4B-00C04F79EFBC}") = "Itmo.Dev.Asap.Github.Presentation.Webhooks", "src\Presentation\Itmo.Dev.Asap.Github.Presentation.Webhooks\Itmo.Dev.Asap.Github.Presentation.Webhooks.csproj", "{234CBBB1-D615-446E-87DB-8900DD9B7EE6}"
EndProject
Project("{FAE04EC0-301F-11D3-BF4B-00C04F79EFBC}") = "Itmo.Dev.Asap.Github.Common", "src\Itmo.Dev.Asap.Github.Common\Itmo.Dev.Asap.Github.Common.csproj", "{5D53E0E8-FD14-47F7-9DE8-A2179DE211CA}"
EndProject
Project("{2150E333-8FDC-42A3-9474-1A3956D46DE8}") = "docker", "docker", "{12C7AE27-B32E-4085-8B92-F2BFD51FF528}"
	ProjectSection(SolutionItems) = preProject
		docker\docker-compose.yaml = docker\docker-compose.yaml
		docker\.env = docker\.env
	EndProjectSection
EndProject
Project("{FAE04EC0-301F-11D3-BF4B-00C04F79EFBC}") = "Itmo.Dev.Asap.Github.Presentation.Grpc", "src\Presentation\Itmo.Dev.Asap.Github.Presentation.Grpc\Itmo.Dev.Asap.Github.Presentation.Grpc.csproj", "{F8278B67-A47D-40F3-8CB0-817C5358B87D}"
EndProject
Project("{FAE04EC0-301F-11D3-BF4B-00C04F79EFBC}") = "Itmo.Dev.Asap.Github", "src\Itmo.Dev.Asap.Github\Itmo.Dev.Asap.Github.csproj", "{DA782C27-4270-4F36-9E97-89B78F1BA8D5}"
EndProject
Project("{FAE04EC0-301F-11D3-BF4B-00C04F79EFBC}") = "Itmo.Dev.Asap.Github.Integrations.Core", "src\Infrastructure\Itmo.Dev.Asap.Github.Integrations.Core\Itmo.Dev.Asap.Github.Integrations.Core.csproj", "{98E87419-952F-4816-823A-67ABF3721E90}"
EndProject
Project("{FAE04EC0-301F-11D3-BF4B-00C04F79EFBC}") = "Itmo.Dev.Asap.Github.Presentation.Kafka", "src\Presentation\Itmo.Dev.Asap.Github.Presentation.Kafka\Itmo.Dev.Asap.Github.Presentation.Kafka.csproj", "{9D9F0459-76B5-47BF-ACCB-957478521498}"
EndProject
Project("{2150E333-8FDC-42A3-9474-1A3956D46DE8}") = "tests", "tests", "{7B163A32-2150-4F67-827A-6E28A324CE71}"
EndProject
Project("{FAE04EC0-301F-11D3-BF4B-00C04F79EFBC}") = "Itmo.Dev.Asap.Github.Tests", "tests\Itmo.Dev.Asap.Github.Tests\Itmo.Dev.Asap.Github.Tests.csproj", "{7964F3C9-83A9-480A-97B0-0ADACC61E8F0}"
EndProject
Project("{FAE04EC0-301F-11D3-BF4B-00C04F79EFBC}") = "Itmo.Dev.Asap.Github.Application.Abstractions", "src\Application\Itmo.Dev.Asap.Github.Application.Abstractions\Itmo.Dev.Asap.Github.Application.Abstractions.csproj", "{45128D18-C149-4DCE-93C0-EB403ACA30AE}"
EndProject
Project("{FAE04EC0-301F-11D3-BF4B-00C04F79EFBC}") = "Itmo.Dev.Asap.Github.Application.Models", "src\Application\Itmo.Dev.Asap.Github.Application.Models\Itmo.Dev.Asap.Github.Application.Models.csproj", "{873B9A4B-C058-473F-BBEF-6EC0BF5223A8}"
EndProject
Global
	GlobalSection(SolutionConfigurationPlatforms) = preSolution
		Debug|Any CPU = Debug|Any CPU
		Release|Any CPU = Release|Any CPU
	EndGlobalSection
	GlobalSection(NestedProjects) = preSolution
		{38BFC385-8F96-41A8-B131-7613C35F57D4} = {9482EA9A-0191-404B-9B35-8B9D15D0F5E4}
		{AA2858F9-2EA3-4D40-9ADB-107F7768879C} = {9482EA9A-0191-404B-9B35-8B9D15D0F5E4}
		{EB4453A8-8973-4B0B-8883-38C1D1FBF3BD} = {9482EA9A-0191-404B-9B35-8B9D15D0F5E4}
		{2A81A201-0ED3-4BBA-BC9B-571D1DEFC3B0} = {38BFC385-8F96-41A8-B131-7613C35F57D4}
		{BC458019-8904-4027-9DDD-F2C97D4456BF} = {38BFC385-8F96-41A8-B131-7613C35F57D4}
		{1C95D2D5-973C-4E9E-B0FC-245CA2D9BCBC} = {AA2858F9-2EA3-4D40-9ADB-107F7768879C}
		{4FBE936B-C31D-4AB1-A9BD-52DDF3632B04} = {AA2858F9-2EA3-4D40-9ADB-107F7768879C}
		{B5DCDDCA-289A-4E87-A13A-543A28D8F159} = {AA2858F9-2EA3-4D40-9ADB-107F7768879C}
		{234CBBB1-D615-446E-87DB-8900DD9B7EE6} = {EB4453A8-8973-4B0B-8883-38C1D1FBF3BD}
		{5D53E0E8-FD14-47F7-9DE8-A2179DE211CA} = {9482EA9A-0191-404B-9B35-8B9D15D0F5E4}
		{12C7AE27-B32E-4085-8B92-F2BFD51FF528} = {F3565B39-CE4A-4E1A-A074-69C74972080F}
		{F8278B67-A47D-40F3-8CB0-817C5358B87D} = {EB4453A8-8973-4B0B-8883-38C1D1FBF3BD}
		{DA782C27-4270-4F36-9E97-89B78F1BA8D5} = {9482EA9A-0191-404B-9B35-8B9D15D0F5E4}
		{98E87419-952F-4816-823A-67ABF3721E90} = {AA2858F9-2EA3-4D40-9ADB-107F7768879C}
		{9D9F0459-76B5-47BF-ACCB-957478521498} = {EB4453A8-8973-4B0B-8883-38C1D1FBF3BD}
		{7964F3C9-83A9-480A-97B0-0ADACC61E8F0} = {7B163A32-2150-4F67-827A-6E28A324CE71}
		{45128D18-C149-4DCE-93C0-EB403ACA30AE} = {38BFC385-8F96-41A8-B131-7613C35F57D4}
		{873B9A4B-C058-473F-BBEF-6EC0BF5223A8} = {38BFC385-8F96-41A8-B131-7613C35F57D4}
	EndGlobalSection
	GlobalSection(ProjectConfigurationPlatforms) = postSolution
		{2A81A201-0ED3-4BBA-BC9B-571D1DEFC3B0}.Debug|Any CPU.ActiveCfg = Debug|Any CPU
		{2A81A201-0ED3-4BBA-BC9B-571D1DEFC3B0}.Debug|Any CPU.Build.0 = Debug|Any CPU
		{2A81A201-0ED3-4BBA-BC9B-571D1DEFC3B0}.Release|Any CPU.ActiveCfg = Release|Any CPU
		{2A81A201-0ED3-4BBA-BC9B-571D1DEFC3B0}.Release|Any CPU.Build.0 = Release|Any CPU
		{BC458019-8904-4027-9DDD-F2C97D4456BF}.Debug|Any CPU.ActiveCfg = Debug|Any CPU
		{BC458019-8904-4027-9DDD-F2C97D4456BF}.Debug|Any CPU.Build.0 = Debug|Any CPU
		{BC458019-8904-4027-9DDD-F2C97D4456BF}.Release|Any CPU.ActiveCfg = Release|Any CPU
		{BC458019-8904-4027-9DDD-F2C97D4456BF}.Release|Any CPU.Build.0 = Release|Any CPU
		{1C95D2D5-973C-4E9E-B0FC-245CA2D9BCBC}.Debug|Any CPU.ActiveCfg = Debug|Any CPU
		{1C95D2D5-973C-4E9E-B0FC-245CA2D9BCBC}.Debug|Any CPU.Build.0 = Debug|Any CPU
		{1C95D2D5-973C-4E9E-B0FC-245CA2D9BCBC}.Release|Any CPU.ActiveCfg = Release|Any CPU
		{1C95D2D5-973C-4E9E-B0FC-245CA2D9BCBC}.Release|Any CPU.Build.0 = Release|Any CPU
		{4FBE936B-C31D-4AB1-A9BD-52DDF3632B04}.Debug|Any CPU.ActiveCfg = Debug|Any CPU
		{4FBE936B-C31D-4AB1-A9BD-52DDF3632B04}.Debug|Any CPU.Build.0 = Debug|Any CPU
		{4FBE936B-C31D-4AB1-A9BD-52DDF3632B04}.Release|Any CPU.ActiveCfg = Release|Any CPU
		{4FBE936B-C31D-4AB1-A9BD-52DDF3632B04}.Release|Any CPU.Build.0 = Release|Any CPU
		{B5DCDDCA-289A-4E87-A13A-543A28D8F159}.Debug|Any CPU.ActiveCfg = Debug|Any CPU
		{B5DCDDCA-289A-4E87-A13A-543A28D8F159}.Debug|Any CPU.Build.0 = Debug|Any CPU
		{B5DCDDCA-289A-4E87-A13A-543A28D8F159}.Release|Any CPU.ActiveCfg = Release|Any CPU
		{B5DCDDCA-289A-4E87-A13A-543A28D8F159}.Release|Any CPU.Build.0 = Release|Any CPU
		{234CBBB1-D615-446E-87DB-8900DD9B7EE6}.Debug|Any CPU.ActiveCfg = Debug|Any CPU
		{234CBBB1-D615-446E-87DB-8900DD9B7EE6}.Debug|Any CPU.Build.0 = Debug|Any CPU
		{234CBBB1-D615-446E-87DB-8900DD9B7EE6}.Release|Any CPU.ActiveCfg = Release|Any CPU
		{234CBBB1-D615-446E-87DB-8900DD9B7EE6}.Release|Any CPU.Build.0 = Release|Any CPU
		{5D53E0E8-FD14-47F7-9DE8-A2179DE211CA}.Debug|Any CPU.ActiveCfg = Debug|Any CPU
		{5D53E0E8-FD14-47F7-9DE8-A2179DE211CA}.Debug|Any CPU.Build.0 = Debug|Any CPU
		{5D53E0E8-FD14-47F7-9DE8-A2179DE211CA}.Release|Any CPU.ActiveCfg = Release|Any CPU
		{5D53E0E8-FD14-47F7-9DE8-A2179DE211CA}.Release|Any CPU.Build.0 = Release|Any CPU
		{F8278B67-A47D-40F3-8CB0-817C5358B87D}.Debug|Any CPU.ActiveCfg = Debug|Any CPU
		{F8278B67-A47D-40F3-8CB0-817C5358B87D}.Debug|Any CPU.Build.0 = Debug|Any CPU
		{F8278B67-A47D-40F3-8CB0-817C5358B87D}.Release|Any CPU.ActiveCfg = Release|Any CPU
		{F8278B67-A47D-40F3-8CB0-817C5358B87D}.Release|Any CPU.Build.0 = Release|Any CPU
		{DA782C27-4270-4F36-9E97-89B78F1BA8D5}.Debug|Any CPU.ActiveCfg = Debug|Any CPU
		{DA782C27-4270-4F36-9E97-89B78F1BA8D5}.Debug|Any CPU.Build.0 = Debug|Any CPU
		{DA782C27-4270-4F36-9E97-89B78F1BA8D5}.Release|Any CPU.ActiveCfg = Release|Any CPU
		{DA782C27-4270-4F36-9E97-89B78F1BA8D5}.Release|Any CPU.Build.0 = Release|Any CPU
		{98E87419-952F-4816-823A-67ABF3721E90}.Debug|Any CPU.ActiveCfg = Debug|Any CPU
		{98E87419-952F-4816-823A-67ABF3721E90}.Debug|Any CPU.Build.0 = Debug|Any CPU
		{98E87419-952F-4816-823A-67ABF3721E90}.Release|Any CPU.ActiveCfg = Release|Any CPU
		{98E87419-952F-4816-823A-67ABF3721E90}.Release|Any CPU.Build.0 = Release|Any CPU
		{9D9F0459-76B5-47BF-ACCB-957478521498}.Debug|Any CPU.ActiveCfg = Debug|Any CPU
		{9D9F0459-76B5-47BF-ACCB-957478521498}.Debug|Any CPU.Build.0 = Debug|Any CPU
		{9D9F0459-76B5-47BF-ACCB-957478521498}.Release|Any CPU.ActiveCfg = Release|Any CPU
		{9D9F0459-76B5-47BF-ACCB-957478521498}.Release|Any CPU.Build.0 = Release|Any CPU
		{7964F3C9-83A9-480A-97B0-0ADACC61E8F0}.Debug|Any CPU.ActiveCfg = Debug|Any CPU
		{7964F3C9-83A9-480A-97B0-0ADACC61E8F0}.Debug|Any CPU.Build.0 = Debug|Any CPU
		{7964F3C9-83A9-480A-97B0-0ADACC61E8F0}.Release|Any CPU.ActiveCfg = Release|Any CPU
		{7964F3C9-83A9-480A-97B0-0ADACC61E8F0}.Release|Any CPU.Build.0 = Release|Any CPU
		{45128D18-C149-4DCE-93C0-EB403ACA30AE}.Debug|Any CPU.ActiveCfg = Debug|Any CPU
		{45128D18-C149-4DCE-93C0-EB403ACA30AE}.Debug|Any CPU.Build.0 = Debug|Any CPU
		{45128D18-C149-4DCE-93C0-EB403ACA30AE}.Release|Any CPU.ActiveCfg = Release|Any CPU
		{45128D18-C149-4DCE-93C0-EB403ACA30AE}.Release|Any CPU.Build.0 = Release|Any CPU
		{873B9A4B-C058-473F-BBEF-6EC0BF5223A8}.Debug|Any CPU.ActiveCfg = Debug|Any CPU
		{873B9A4B-C058-473F-BBEF-6EC0BF5223A8}.Debug|Any CPU.Build.0 = Debug|Any CPU
		{873B9A4B-C058-473F-BBEF-6EC0BF5223A8}.Release|Any CPU.ActiveCfg = Release|Any CPU
		{873B9A4B-C058-473F-BBEF-6EC0BF5223A8}.Release|Any CPU.Build.0 = Release|Any CPU
	EndGlobalSection
EndGlobal
